{
  "name": "@easyroute/svelte",
  "version": "3.2.0",
  "lockfileVersion": 2,
  "requires": true,
  "packages": {
    "": {
      "name": "@easyroute/svelte",
      "version": "3.2.0",
      "license": "MIT",
      "devDependencies": {
        "svelte": "^3.38.3"
      }
    },
    "node_modules/svelte": {
      "version": "3.38.3",
      "resolved": "https://registry.npmjs.org/svelte/-/svelte-3.38.3.tgz",
      "integrity": "sha512-N7bBZJH0iF24wsalFZF+fVYMUOigaAUQMIcEKHO3jstK/iL8VmP9xE+P0/a76+FkNcWt+TDv2Gx1taUoUscrvw==",
      "dev": true,
      "engines": {
        "node": ">= 8"
      }
    }
  },
  "dependencies": {
    "svelte": {
      "version": "3.38.3",
      "resolved": "https://registry.npmjs.org/svelte/-/svelte-3.38.3.tgz",
      "integrity": "sha512-N7bBZJH0iF24wsalFZF+fVYMUOigaAUQMIcEKHO3jstK/iL8VmP9xE+P0/a76+FkNcWt+TDv2Gx1taUoUscrvw==",
      "dev": true
    }
  }
}
